
Microsoft Visual Studio Solution File, Format Version 12.00
# Visual Studio Version 17
VisualStudioVersion = 17.3.32929.385
MinimumVisualStudioVersion = 10.0.40219.1
Project("{F184B08F-C81C-45F6-A57F-5ABD9991F28F}") = "vending machine", "vending machine\vending machine.vbproj", "{D1B6C3AF-02BC-4CE8-98C8-08402544D613}"
EndProject
Global
	GlobalSection(SolutionConfigurationPlatforms) = preSolution
		Debug|Any CPU = Debug|Any CPU
		Release|Any CPU = Release|Any CPU
	EndGlobalSection
	GlobalSection(ProjectConfigurationPlatforms) = postSolution
		{D1B6C3AF-02BC-4CE8-98C8-08402544D613}.Debug|Any CPU.ActiveCfg = Debug|Any CPU
		{D1B6C3AF-02BC-4CE8-98C8-08402544D613}.Debug|Any CPU.Build.0 = Debug|Any CPU
		{D1B6C3AF-02BC-4CE8-98C8-08402544D613}.Release|Any CPU.ActiveCfg = Release|Any CPU
		{D1B6C3AF-02BC-4CE8-98C8-08402544D613}.Release|Any CPU.Build.0 = Release|Any CPU
	EndGlobalSection
	GlobalSection(SolutionProperties) = preSolution
		HideSolutionNode = FALSE
	EndGlobalSection
	GlobalSection(ExtensibilityGlobals) = postSolution
		SolutionGuid = {E4FB31AB-33DD-4303-9578-7B9848D87E76}
	EndGlobalSection
EndGlobal
